// !$*UTF8*$!
{
	archiveVersion = 1;
	classes = {
	};
	objectVersion = 51;
	objects = {

/* Begin PBXBuildFile section */
		57AD7A4FA0A56EAFBDC105C4 /* Pods_ios_app.framework in Frameworks */ = {isa = PBXBuildFile; fileRef = AF8D33A02EF6E39CC1634538 /* Pods_ios_app.framework */; };
		8C17E9482653587700E5DFE3 /* WebViewController.swift in Sources */ = {isa = PBXBuildFile; fileRef = 8C17E9472653587700E5DFE3 /* WebViewController.swift */; };
		8C366F33265B9C8500760420 /* InfoViewController.swift in Sources */ = {isa = PBXBuildFile; fileRef = 8C366F32265B9C8500760420 /* InfoViewController.swift */; };
		8C366F36265BB50000760420 /* MainTabBarController.swift in Sources */ = {isa = PBXBuildFile; fileRef = 8C366F35265BB50000760420 /* MainTabBarController.swift */; };
		8C366F38265CC7CE00760420 /* NewsDetailViewController.swift in Sources */ = {isa = PBXBuildFile; fileRef = 8C366F37265CC7CE00760420 /* NewsDetailViewController.swift */; };
		8CDF7BC8264B7BBF000A9835 /* AppDelegate.swift in Sources */ = {isa = PBXBuildFile; fileRef = 8CDF7BC7264B7BBF000A9835 /* AppDelegate.swift */; };
		8CDF7BCA264B7BBF000A9835 /* SceneDelegate.swift in Sources */ = {isa = PBXBuildFile; fileRef = 8CDF7BC9264B7BBF000A9835 /* SceneDelegate.swift */; };
		8CDF7BCC264B7BBF000A9835 /* SettingsViewController.swift in Sources */ = {isa = PBXBuildFile; fileRef = 8CDF7BCB264B7BBF000A9835 /* SettingsViewController.swift */; };
		8CDF7BCF264B7BBF000A9835 /* Main.storyboard in Resources */ = {isa = PBXBuildFile; fileRef = 8CDF7BCD264B7BBF000A9835 /* Main.storyboard */; };
		8CDF7BD1264B7BC2000A9835 /* Assets.xcassets in Resources */ = {isa = PBXBuildFile; fileRef = 8CDF7BD0264B7BC2000A9835 /* Assets.xcassets */; };
		8CDF7BD4264B7BC2000A9835 /* LaunchScreen.storyboard in Resources */ = {isa = PBXBuildFile; fileRef = 8CDF7BD2264B7BC2000A9835 /* LaunchScreen.storyboard */; };
		8CE24F1D264D120C00D95F9E /* HomeViewController.swift in Sources */ = {isa = PBXBuildFile; fileRef = 8CE24F1C264D120C00D95F9E /* HomeViewController.swift */; };
/* End PBXBuildFile section */

/* Begin PBXFileReference section */
		37383F58C1D381C8016A8ED4 /* Pods-ios_app.debug.xcconfig */ = {isa = PBXFileReference; includeInIndex = 1; lastKnownFileType = text.xcconfig; name = "Pods-ios_app.debug.xcconfig"; path = "Target Support Files/Pods-ios_app/Pods-ios_app.debug.xcconfig"; sourceTree = "<group>"; };
		8C17E9472653587700E5DFE3 /* WebViewController.swift */ = {isa = PBXFileReference; lastKnownFileType = sourcecode.swift; path = WebViewController.swift; sourceTree = "<group>"; };
		8C366F32265B9C8500760420 /* InfoViewController.swift */ = {isa = PBXFileReference; lastKnownFileType = sourcecode.swift; path = InfoViewController.swift; sourceTree = "<group>"; };
		8C366F35265BB50000760420 /* MainTabBarController.swift */ = {isa = PBXFileReference; lastKnownFileType = sourcecode.swift; path = MainTabBarController.swift; sourceTree = "<group>"; };
		8C366F37265CC7CE00760420 /* NewsDetailViewController.swift */ = {isa = PBXFileReference; lastKnownFileType = sourcecode.swift; path = NewsDetailViewController.swift; sourceTree = "<group>"; };
		8CDF7BC4264B7BBF000A9835 /* ios_app.app */ = {isa = PBXFileReference; explicitFileType = wrapper.application; includeInIndex = 0; path = ios_app.app; sourceTree = BUILT_PRODUCTS_DIR; };
		8CDF7BC7264B7BBF000A9835 /* AppDelegate.swift */ = {isa = PBXFileReference; lastKnownFileType = sourcecode.swift; path = AppDelegate.swift; sourceTree = "<group>"; };
		8CDF7BC9264B7BBF000A9835 /* SceneDelegate.swift */ = {isa = PBXFileReference; lastKnownFileType = sourcecode.swift; path = SceneDelegate.swift; sourceTree = "<group>"; };
		8CDF7BCB264B7BBF000A9835 /* SettingsViewController.swift */ = {isa = PBXFileReference; lastKnownFileType = sourcecode.swift; path = SettingsViewController.swift; sourceTree = "<group>"; };
		8CDF7BCE264B7BBF000A9835 /* Base */ = {isa = PBXFileReference; lastKnownFileType = file.storyboard; name = Base; path = Base.lproj/Main.storyboard; sourceTree = "<group>"; };
		8CDF7BD0264B7BC2000A9835 /* Assets.xcassets */ = {isa = PBXFileReference; lastKnownFileType = folder.assetcatalog; path = Assets.xcassets; sourceTree = "<group>"; };
		8CDF7BD3264B7BC2000A9835 /* Base */ = {isa = PBXFileReference; lastKnownFileType = file.storyboard; name = Base; path = Base.lproj/LaunchScreen.storyboard; sourceTree = "<group>"; };
		8CDF7BD5264B7BC2000A9835 /* Info.plist */ = {isa = PBXFileReference; lastKnownFileType = text.plist.xml; path = Info.plist; sourceTree = "<group>"; };
		8CE24F1C264D120C00D95F9E /* HomeViewController.swift */ = {isa = PBXFileReference; fileEncoding = 4; lastKnownFileType = sourcecode.swift; path = HomeViewController.swift; sourceTree = "<group>"; };
		8FA0BFCEC2C021E4545E67E2 /* Pods-ios_app.release.xcconfig */ = {isa = PBXFileReference; includeInIndex = 1; lastKnownFileType = text.xcconfig; name = "Pods-ios_app.release.xcconfig"; path = "Target Support Files/Pods-ios_app/Pods-ios_app.release.xcconfig"; sourceTree = "<group>"; };
		AF8D33A02EF6E39CC1634538 /* Pods_ios_app.framework */ = {isa = PBXFileReference; explicitFileType = wrapper.framework; includeInIndex = 0; path = Pods_ios_app.framework; sourceTree = BUILT_PRODUCTS_DIR; };
/* End PBXFileReference section */

/* Begin PBXFrameworksBuildPhase section */
		8CDF7BC1264B7BBF000A9835 /* Frameworks */ = {
			isa = PBXFrameworksBuildPhase;
			buildActionMask = 2147483647;
			files = (
				57AD7A4FA0A56EAFBDC105C4 /* Pods_ios_app.framework in Frameworks */,
			);
			runOnlyForDeploymentPostprocessing = 0;
		};
/* End PBXFrameworksBuildPhase section */

/* Begin PBXGroup section */
		8C17E944265357A300E5DFE3 /* ui */ = {
			isa = PBXGroup;
			children = (
				8C17E945265357C500E5DFE3 /* home */,
				8C366F31265B9C2B00760420 /* info */,
				8C17E946265357CF00E5DFE3 /* settings */,
				8C366F34265BB4C200760420 /* main */,
				8C17E9472653587700E5DFE3 /* WebViewController.swift */,
				8C366F37265CC7CE00760420 /* NewsDetailViewController.swift */,
			);
			path = ui;
			sourceTree = "<group>";
		};
		8C17E945265357C500E5DFE3 /* home */ = {
			isa = PBXGroup;
			children = (
				8CE24F1C264D120C00D95F9E /* HomeViewController.swift */,
			);
			path = home;
			sourceTree = "<group>";
		};
		8C17E946265357CF00E5DFE3 /* settings */ = {
			isa = PBXGroup;
			children = (
				8CDF7BCB264B7BBF000A9835 /* SettingsViewController.swift */,
			);
			path = settings;
			sourceTree = "<group>";
		};
		8C366F31265B9C2B00760420 /* info */ = {
			isa = PBXGroup;
			children = (
				8C366F32265B9C8500760420 /* InfoViewController.swift */,
			);
			path = info;
			sourceTree = "<group>";
		};
		8C366F34265BB4C200760420 /* main */ = {
			isa = PBXGroup;
			children = (
				8C366F35265BB50000760420 /* MainTabBarController.swift */,
			);
			path = main;
			sourceTree = "<group>";
		};
		8CDF7BBB264B7BBF000A9835 = {
			isa = PBXGroup;
			children = (
				8CDF7BC6264B7BBF000A9835 /* ios_app */,
				8CDF7BC5264B7BBF000A9835 /* Products */,
				990AA6583F464331A8572C2B /* Pods */,
				CFCA234333CD138CA3E98187 /* Frameworks */,
			);
			sourceTree = "<group>";
		};
		8CDF7BC5264B7BBF000A9835 /* Products */ = {
			isa = PBXGroup;
			children = (
				8CDF7BC4264B7BBF000A9835 /* ios_app.app */,
			);
			name = Products;
			sourceTree = "<group>";
		};
		8CDF7BC6264B7BBF000A9835 /* ios_app */ = {
			isa = PBXGroup;
			children = (
				8C17E944265357A300E5DFE3 /* ui */,
				8CDF7BC7264B7BBF000A9835 /* AppDelegate.swift */,
				8CDF7BC9264B7BBF000A9835 /* SceneDelegate.swift */,
				8CDF7BCD264B7BBF000A9835 /* Main.storyboard */,
				8CDF7BD0264B7BC2000A9835 /* Assets.xcassets */,
				8CDF7BD2264B7BC2000A9835 /* LaunchScreen.storyboard */,
				8CDF7BD5264B7BC2000A9835 /* Info.plist */,
			);
			path = ios_app;
			sourceTree = "<group>";
		};
		990AA6583F464331A8572C2B /* Pods */ = {
			isa = PBXGroup;
			children = (
				37383F58C1D381C8016A8ED4 /* Pods-ios_app.debug.xcconfig */,
				8FA0BFCEC2C021E4545E67E2 /* Pods-ios_app.release.xcconfig */,
			);
			path = Pods;
			sourceTree = "<group>";
		};
		CFCA234333CD138CA3E98187 /* Frameworks */ = {
			isa = PBXGroup;
			children = (
				AF8D33A02EF6E39CC1634538 /* Pods_ios_app.framework */,
			);
			name = Frameworks;
			sourceTree = "<group>";
		};
/* End PBXGroup section */

/* Begin PBXNativeTarget section */
		8CDF7BC3264B7BBF000A9835 /* ios_app */ = {
			isa = PBXNativeTarget;
			buildConfigurationList = 8CDF7BD8264B7BC2000A9835 /* Build configuration list for PBXNativeTarget "ios_app" */;
			buildPhases = (
				F638A4E07372631AE75EF1DC /* [CP] Check Pods Manifest.lock */,
				E0AB8BCE2B7648BC673D0EFC /* [CP-User] Run Flutter Build flutter_module Script */,
				8CDF7BC0264B7BBF000A9835 /* Sources */,
				8CDF7BC1264B7BBF000A9835 /* Frameworks */,
				8CDF7BC2264B7BBF000A9835 /* Resources */,
				41B377BFFD8C58E747862F62 /* [CP] Embed Pods Frameworks */,
			);
			buildRules = (
			);
			dependencies = (
			);
			name = ios_app;
			productName = ios_app;
			productReference = 8CDF7BC4264B7BBF000A9835 /* ios_app.app */;
			productType = "com.apple.product-type.application";
		};
/* End PBXNativeTarget section */

/* Begin PBXProject section */
		8CDF7BBC264B7BBF000A9835 /* Project object */ = {
			isa = PBXProject;
			attributes = {
				LastSwiftUpdateCheck = 1250;
				LastUpgradeCheck = 1250;
				TargetAttributes = {
					8CDF7BC3264B7BBF000A9835 = {
						CreatedOnToolsVersion = 12.5;
					};
				};
			};
			buildConfigurationList = 8CDF7BBF264B7BBF000A9835 /* Build configuration list for PBXProject "ios_app" */;
			compatibilityVersion = "Xcode 9.3";
			developmentRegion = en;
			hasScannedForEncodings = 0;
			knownRegions = (
				en,
				Base,
			);
			mainGroup = 8CDF7BBB264B7BBF000A9835;
			productRefGroup = 8CDF7BC5264B7BBF000A9835 /* Products */;
			projectDirPath = "";
			projectRoot = "";
			targets = (
				8CDF7BC3264B7BBF000A9835 /* ios_app */,
			);
		};
/* End PBXProject section */

/* Begin PBXResourcesBuildPhase section */
		8CDF7BC2264B7BBF000A9835 /* Resources */ = {
			isa = PBXResourcesBuildPhase;
			buildActionMask = 2147483647;
			files = (
				8CDF7BD4264B7BC2000A9835 /* LaunchScreen.storyboard in Resources */,
				8CDF7BD1264B7BC2000A9835 /* Assets.xcassets in Resources */,
				8CDF7BCF264B7BBF000A9835 /* Main.storyboard in Resources */,
			);
			runOnlyForDeploymentPostprocessing = 0;
		};
/* End PBXResourcesBuildPhase section */

/* Begin PBXShellScriptBuildPhase section */
		41B377BFFD8C58E747862F62 /* [CP] Embed Pods Frameworks */ = {
			isa = PBXShellScriptBuildPhase;
			buildActionMask = 2147483647;
			files = (
			);
			inputFileListPaths = (
				"${PODS_ROOT}/Target Support Files/Pods-ios_app/Pods-ios_app-frameworks-${CONFIGURATION}-input-files.xcfilelist",
			);
			name = "[CP] Embed Pods Frameworks";
			outputFileListPaths = (
				"${PODS_ROOT}/Target Support Files/Pods-ios_app/Pods-ios_app-frameworks-${CONFIGURATION}-output-files.xcfilelist",
			);
			runOnlyForDeploymentPostprocessing = 0;
			shellPath = /bin/sh;
			shellScript = "\"${PODS_ROOT}/Target Support Files/Pods-ios_app/Pods-ios_app-frameworks.sh\"\n";
			showEnvVarsInLog = 0;
		};
		E0AB8BCE2B7648BC673D0EFC /* [CP-User] Run Flutter Build flutter_module Script */ = {
			isa = PBXShellScriptBuildPhase;
			buildActionMask = 2147483647;
			files = (
			);
			name = "[CP-User] Run Flutter Build flutter_module Script";
			runOnlyForDeploymentPostprocessing = 0;
			shellPath = /bin/sh;
			shellScript = "set -e\nset -u\nsource \"${SRCROOT}/../flutter_module/.ios/Flutter/flutter_export_environment.sh\"\nexport VERBOSE_SCRIPT_LOGGING=1 && \"$FLUTTER_ROOT\"/packages/flutter_tools/bin/xcode_backend.sh build";
		};
		F638A4E07372631AE75EF1DC /* [CP] Check Pods Manifest.lock */ = {
			isa = PBXShellScriptBuildPhase;
			buildActionMask = 2147483647;
			files = (
			);
			inputFileListPaths = (
			);
			inputPaths = (
				"${PODS_PODFILE_DIR_PATH}/Podfile.lock",
				"${PODS_ROOT}/Manifest.lock",
			);
			name = "[CP] Check Pods Manifest.lock";
			outputFileListPaths = (
			);
			outputPaths = (
				"$(DERIVED_FILE_DIR)/Pods-ios_app-checkManifestLockResult.txt",
			);
			runOnlyForDeploymentPostprocessing = 0;
			shellPath = /bin/sh;
			shellScript = "diff \"${PODS_PODFILE_DIR_PATH}/Podfile.lock\" \"${PODS_ROOT}/Manifest.lock\" > /dev/null\nif [ $? != 0 ] ; then\n    # print error to STDERR\n    echo \"error: The sandbox is not in sync with the Podfile.lock. Run 'pod install' or update your CocoaPods installation.\" >&2\n    exit 1\nfi\n# This output is used by Xcode 'outputs' to avoid re-running this script phase.\necho \"SUCCESS\" > \"${SCRIPT_OUTPUT_FILE_0}\"\n";
			showEnvVarsInLog = 0;
		};
/* End PBXShellScriptBuildPhase section */

/* Begin PBXSourcesBuildPhase section */
		8CDF7BC0264B7BBF000A9835 /* Sources */ = {
			isa = PBXSourcesBuildPhase;
			buildActionMask = 2147483647;
			files = (
				8C366F38265CC7CE00760420 /* NewsDetailViewController.swift in Sources */,
				8CDF7BCC264B7BBF000A9835 /* SettingsViewController.swift in Sources */,
				8CDF7BC8264B7BBF000A9835 /* AppDelegate.swift in Sources */,
				8CDF7BCA264B7BBF000A9835 /* SceneDelegate.swift in Sources */,
				8C17E9482653587700E5DFE3 /* WebViewController.swift in Sources */,
				8C366F33265B9C8500760420 /* InfoViewController.swift in Sources */,
				8C366F36265BB50000760420 /* MainTabBarController.swift in Sources */,
				8CE24F1D264D120C00D95F9E /* HomeViewController.swift in Sources */,
			);
			runOnlyForDeploymentPostprocessing = 0;
		};
/* End PBXSourcesBuildPhase section */

/* Begin PBXVariantGroup section */
		8CDF7BCD264B7BBF000A9835 /* Main.storyboard */ = {
			isa = PBXVariantGroup;
			children = (
				8CDF7BCE264B7BBF000A9835 /* Base */,
			);
			name = Main.storyboard;
			sourceTree = "<group>";
		};
		8CDF7BD2264B7BC2000A9835 /* LaunchScreen.storyboard */ = {
			isa = PBXVariantGroup;
			children = (
				8CDF7BD3264B7BC2000A9835 /* Base */,
			);
			name = LaunchScreen.storyboard;
			sourceTree = "<group>";
		};
/* End PBXVariantGroup section */

/* Begin XCBuildConfiguration section */
		8CDF7BD6264B7BC2000A9835 /* Debug */ = {
			isa = XCBuildConfiguration;
			buildSettings = {
				ALWAYS_SEARCH_USER_PATHS = NO;
				CLANG_ANALYZER_NONNULL = YES;
				CLANG_ANALYZER_NUMBER_OBJECT_CONVERSION = YES_AGGRESSIVE;
				CLANG_CXX_LANGUAGE_STANDARD = "gnu++14";
				CLANG_CXX_LIBRARY = "libc++";
				CLANG_ENABLE_MODULES = YES;
				CLANG_ENABLE_OBJC_ARC = YES;
				CLANG_ENABLE_OBJC_WEAK = YES;
				CLANG_WARN_BLOCK_CAPTURE_AUTORELEASING = YES;
				CLANG_WARN_BOOL_CONVERSION = YES;
				CLANG_WARN_COMMA = YES;
				CLANG_WARN_CONSTANT_CONVERSION = YES;
				CLANG_WARN_DEPRECATED_OBJC_IMPLEMENTATIONS = YES;
				CLANG_WARN_DIRECT_OBJC_ISA_USAGE = YES_ERROR;
				CLANG_WARN_DOCUMENTATION_COMMENTS = YES;
				CLANG_WARN_EMPTY_BODY = YES;
				CLANG_WARN_ENUM_CONVERSION = YES;
				CLANG_WARN_INFINITE_RECURSION = YES;
				CLANG_WARN_INT_CONVERSION = YES;
				CLANG_WARN_NON_LITERAL_NULL_CONVERSION = YES;
				CLANG_WARN_OBJC_IMPLICIT_RETAIN_SELF = YES;
				CLANG_WARN_OBJC_LITERAL_CONVERSION = YES;
				CLANG_WARN_OBJC_ROOT_CLASS = YES_ERROR;
				CLANG_WARN_QUOTED_INCLUDE_IN_FRAMEWORK_HEADER = YES;
				CLANG_WARN_RANGE_LOOP_ANALYSIS = YES;
				CLANG_WARN_STRICT_PROTOTYPES = YES;
				CLANG_WARN_SUSPICIOUS_MOVE = YES;
				CLANG_WARN_UNGUARDED_AVAILABILITY = YES_AGGRESSIVE;
				CLANG_WARN_UNREACHABLE_CODE = YES;
				CLANG_WARN__DUPLICATE_METHOD_MATCH = YES;
				COPY_PHASE_STRIP = NO;
				DEBUG_INFORMATION_FORMAT = dwarf;
				ENABLE_STRICT_OBJC_MSGSEND = YES;
				ENABLE_TESTABILITY = YES;
				GCC_C_LANGUAGE_STANDARD = gnu11;
				GCC_DYNAMIC_NO_PIC = NO;
				GCC_NO_COMMON_BLOCKS = YES;
				GCC_OPTIMIZATION_LEVEL = 0;
				GCC_PREPROCESSOR_DEFINITIONS = (
					"DEBUG=1",
					"$(inherited)",
				);
				GCC_WARN_64_TO_32_BIT_CONVERSION = YES;
				GCC_WARN_ABOUT_RETURN_TYPE = YES_ERROR;
				GCC_WARN_UNDECLARED_SELECTOR = YES;
				GCC_WARN_UNINITIALIZED_AUTOS = YES_AGGRESSIVE;
				GCC_WARN_UNUSED_FUNCTION = YES;
				GCC_WARN_UNUSED_VARIABLE = YES;
				IPHONEOS_DEPLOYMENT_TARGET = 14.5;
				MTL_ENABLE_DEBUG_INFO = INCLUDE_SOURCE;
				MTL_FAST_MATH = YES;
				ONLY_ACTIVE_ARCH = YES;
				SDKROOT = iphoneos;
				SWIFT_ACTIVE_COMPILATION_CONDITIONS = DEBUG;
				SWIFT_OPTIMIZATION_LEVEL = "-Onone";
			};
			name = Debug;
		};
		8CDF7BD7264B7BC2000A9835 /* Release */ = {
			isa = XCBuildConfiguration;
			buildSettings = {
				ALWAYS_SEARCH_USER_PATHS = NO;
				CLANG_ANALYZER_NONNULL = YES;
				CLANG_ANALYZER_NUMBER_OBJECT_CONVERSION = YES_AGGRESSIVE;
				CLANG_CXX_LANGUAGE_STANDARD = "gnu++14";
				CLANG_CXX_LIBRARY = "libc++";
				CLANG_ENABLE_MODULES = YES;
				CLANG_ENABLE_OBJC_ARC = YES;
				CLANG_ENABLE_OBJC_WEAK = YES;
				CLANG_WARN_BLOCK_CAPTURE_AUTORELEASING = YES;
				CLANG_WARN_BOOL_CONVERSION = YES;
				CLANG_WARN_COMMA = YES;
				CLANG_WARN_CONSTANT_CONVERSION = YES;
				CLANG_WARN_DEPRECATED_OBJC_IMPLEMENTATIONS = YES;
				CLANG_WARN_DIRECT_OBJC_ISA_USAGE = YES_ERROR;
				CLANG_WARN_DOCUMENTATION_COMMENTS = YES;
				CLANG_WARN_EMPTY_BODY = YES;
				CLANG_WARN_ENUM_CONVERSION = YES;
				CLANG_WARN_INFINITE_RECURSION = YES;
				CLANG_WARN_INT_CONVERSION = YES;
				CLANG_WARN_NON_LITERAL_NULL_CONVERSION = YES;
				CLANG_WARN_OBJC_IMPLICIT_RETAIN_SELF = YES;
				CLANG_WARN_OBJC_LITERAL_CONVERSION = YES;
				CLANG_WARN_OBJC_ROOT_CLASS = YES_ERROR;
				CLANG_WARN_QUOTED_INCLUDE_IN_FRAMEWORK_HEADER = YES;
				CLANG_WARN_RANGE_LOOP_ANALYSIS = YES;
				CLANG_WARN_STRICT_PROTOTYPES = YES;
				CLANG_WARN_SUSPICIOUS_MOVE = YES;
				CLANG_WARN_UNGUARDED_AVAILABILITY = YES_AGGRESSIVE;
				CLANG_WARN_UNREACHABLE_CODE = YES;
				CLANG_WARN__DUPLICATE_METHOD_MATCH = YES;
				COPY_PHASE_STRIP = NO;
				DEBUG_INFORMATION_FORMAT = "dwarf-with-dsym";
				ENABLE_NS_ASSERTIONS = NO;
				ENABLE_STRICT_OBJC_MSGSEND = YES;
				GCC_C_LANGUAGE_STANDARD = gnu11;
				GCC_NO_COMMON_BLOCKS = YES;
				GCC_WARN_64_TO_32_BIT_CONVERSION = YES;
				GCC_WARN_ABOUT_RETURN_TYPE = YES_ERROR;
				GCC_WARN_UNDECLARED_SELECTOR = YES;
				GCC_WARN_UNINITIALIZED_AUTOS = YES_AGGRESSIVE;
				GCC_WARN_UNUSED_FUNCTION = YES;
				GCC_WARN_UNUSED_VARIABLE = YES;
				IPHONEOS_DEPLOYMENT_TARGET = 14.5;
				MTL_ENABLE_DEBUG_INFO = NO;
				MTL_FAST_MATH = YES;
				SDKROOT = iphoneos;
				SWIFT_COMPILATION_MODE = wholemodule;
				SWIFT_OPTIMIZATION_LEVEL = "-O";
				VALIDATE_PRODUCT = YES;
			};
			name = Release;
		};
		8CDF7BD9264B7BC2000A9835 /* Debug */ = {
			isa = XCBuildConfiguration;
			baseConfigurationReference = 37383F58C1D381C8016A8ED4 /* Pods-ios_app.debug.xcconfig */;
			buildSettings = {
				ASSETCATALOG_COMPILER_APPICON_NAME = AppIcon;
				ASSETCATALOG_COMPILER_GLOBAL_ACCENT_COLOR_NAME = AccentColor;
				CODE_SIGN_STYLE = Automatic;
				DEVELOPMENT_TEAM = TWW42GHCZV;
				INFOPLIST_FILE = ios_app/Info.plist;
				LD_RUNPATH_SEARCH_PATHS = (
					"$(inherited)",
					"@executable_path/Frameworks",
				);
				PRODUCT_BUNDLE_IDENTIFIER = com.snoy.apptoapp.ios;
				PRODUCT_NAME = "$(TARGET_NAME)";
				SWIFT_VERSION = 5.0;
				TARGETED_DEVICE_FAMILY = "1,2";
			};
			name = Debug;
		};
		8CDF7BDA264B7BC2000A9835 /* Release */ = {
			isa = XCBuildConfiguration;
			baseConfigurationReference = 8FA0BFCEC2C021E4545E67E2 /* Pods-ios_app.release.xcconfig */;
			buildSettings = {
				ASSETCATALOG_COMPILER_APPICON_NAME = AppIcon;
				ASSETCATALOG_COMPILER_GLOBAL_ACCENT_COLOR_NAME = AccentColor;
				CODE_SIGN_STYLE = Automatic;
				DEVELOPMENT_TEAM = TWW42GHCZV;
				INFOPLIST_FILE = ios_app/Info.plist;
				LD_RUNPATH_SEARCH_PATHS = (
					"$(inherited)",
					"@executable_path/Frameworks",
				);
				PRODUCT_BUNDLE_IDENTIFIER = com.snoy.apptoapp.ios;
				PRODUCT_NAME = "$(TARGET_NAME)";
				SWIFT_VERSION = 5.0;
				TARGETED_DEVICE_FAMILY = "1,2";
			};
			name = Release;
		};
/* End XCBuildConfiguration section */

/* Begin XCConfigurationList section */
		8CDF7BBF264B7BBF000A9835 /* Build configuration list for PBXProject "ios_app" */ = {
			isa = XCConfigurationList;
			buildConfigurations = (
				8CDF7BD6264B7BC2000A9835 /* Debug */,
				8CDF7BD7264B7BC2000A9835 /* Release */,
			);
			defaultConfigurationIsVisible = 0;
			defaultConfigurationName = Release;
		};
		8CDF7BD8264B7BC2000A9835 /* Build configuration list for PBXNativeTarget "ios_app" */ = {
			isa = XCConfigurationList;
			buildConfigurations = (
				8CDF7BD9264B7BC2000A9835 /* Debug */,
				8CDF7BDA264B7BC2000A9835 /* Release */,
			);
			defaultConfigurationIsVisible = 0;
			defaultConfigurationName = Release;
		};
/* End XCConfigurationList section */
	};
	rootObject = 8CDF7BBC264B7BBF000A9835 /* Project object */;
}
